// !$*UTF8*$!
{
	archiveVersion = 1;
	classes = {
	};
	objectVersion = 50;
	objects = {

/* Begin PBXBuildFile section */
		855BB67F239574DF003A28EA /* AppDelegate.swift in Sources */ = {isa = PBXBuildFile; fileRef = 855BB67E239574DF003A28EA /* AppDelegate.swift */; };
		855BB681239574DF003A28EA /* SceneDelegate.swift in Sources */ = {isa = PBXBuildFile; fileRef = 855BB680239574DF003A28EA /* SceneDelegate.swift */; };
		855BB686239574DF003A28EA /* Main.storyboard in Resources */ = {isa = PBXBuildFile; fileRef = 855BB684239574DF003A28EA /* Main.storyboard */; };
		855BB688239574E0003A28EA /* Assets.xcassets in Resources */ = {isa = PBXBuildFile; fileRef = 855BB687239574E0003A28EA /* Assets.xcassets */; };
		855BB68B239574E0003A28EA /* LaunchScreen.storyboard in Resources */ = {isa = PBXBuildFile; fileRef = 855BB689239574E0003A28EA /* LaunchScreen.storyboard */; };
		855BB693239575F0003A28EA /* LoginViewController.swift in Sources */ = {isa = PBXBuildFile; fileRef = 855BB692239575F0003A28EA /* LoginViewController.swift */; };
		855BB69523959E7D003A28EA /* BaseScrollViewController.swift in Sources */ = {isa = PBXBuildFile; fileRef = 855BB69423959E7D003A28EA /* BaseScrollViewController.swift */; };
		855BB69A23967B4D003A28EA /* UserTypeSelectionViewController.swift in Sources */ = {isa = PBXBuildFile; fileRef = 855BB69923967B4D003A28EA /* UserTypeSelectionViewController.swift */; };
		855BB69C2396803C003A28EA /* InfoViewController.swift in Sources */ = {isa = PBXBuildFile; fileRef = 855BB69B2396803C003A28EA /* InfoViewController.swift */; };
/* End PBXBuildFile section */

/* Begin PBXFileReference section */
		855BB67B239574DF003A28EA /* iOS_Final_Project.app */ = {isa = PBXFileReference; explicitFileType = wrapper.application; includeInIndex = 0; path = iOS_Final_Project.app; sourceTree = BUILT_PRODUCTS_DIR; };
		855BB67E239574DF003A28EA /* AppDelegate.swift */ = {isa = PBXFileReference; lastKnownFileType = sourcecode.swift; path = AppDelegate.swift; sourceTree = "<group>"; };
		855BB680239574DF003A28EA /* SceneDelegate.swift */ = {isa = PBXFileReference; lastKnownFileType = sourcecode.swift; path = SceneDelegate.swift; sourceTree = "<group>"; };
		855BB685239574DF003A28EA /* Base */ = {isa = PBXFileReference; lastKnownFileType = file.storyboard; name = Base; path = Base.lproj/Main.storyboard; sourceTree = "<group>"; };
		855BB687239574E0003A28EA /* Assets.xcassets */ = {isa = PBXFileReference; lastKnownFileType = folder.assetcatalog; path = Assets.xcassets; sourceTree = "<group>"; };
		855BB68A239574E0003A28EA /* Base */ = {isa = PBXFileReference; lastKnownFileType = file.storyboard; name = Base; path = Base.lproj/LaunchScreen.storyboard; sourceTree = "<group>"; };
		855BB68C239574E0003A28EA /* Info.plist */ = {isa = PBXFileReference; lastKnownFileType = text.plist.xml; path = Info.plist; sourceTree = "<group>"; };
		855BB692239575F0003A28EA /* LoginViewController.swift */ = {isa = PBXFileReference; lastKnownFileType = sourcecode.swift; path = LoginViewController.swift; sourceTree = "<group>"; };
		855BB69423959E7D003A28EA /* BaseScrollViewController.swift */ = {isa = PBXFileReference; lastKnownFileType = sourcecode.swift; path = BaseScrollViewController.swift; sourceTree = "<group>"; };
		855BB69923967B4D003A28EA /* UserTypeSelectionViewController.swift */ = {isa = PBXFileReference; lastKnownFileType = sourcecode.swift; path = UserTypeSelectionViewController.swift; sourceTree = "<group>"; };
		855BB69B2396803C003A28EA /* InfoViewController.swift */ = {isa = PBXFileReference; lastKnownFileType = sourcecode.swift; path = InfoViewController.swift; sourceTree = "<group>"; };
/* End PBXFileReference section */

/* Begin PBXFrameworksBuildPhase section */
		855BB678239574DF003A28EA /* Frameworks */ = {
			isa = PBXFrameworksBuildPhase;
			buildActionMask = 2147483647;
			files = (
			);
			runOnlyForDeploymentPostprocessing = 0;
		};
/* End PBXFrameworksBuildPhase section */

/* Begin PBXGroup section */
		855BB672239574DF003A28EA = {
			isa = PBXGroup;
			children = (
				855BB67D239574DF003A28EA /* iOS_Final_Project */,
				855BB67C239574DF003A28EA /* Products */,
			);
			sourceTree = "<group>";
		};
		855BB67C239574DF003A28EA /* Products */ = {
			isa = PBXGroup;
			children = (
				855BB67B239574DF003A28EA /* iOS_Final_Project.app */,
			);
			name = Products;
			sourceTree = "<group>";
		};
		855BB67D239574DF003A28EA /* iOS_Final_Project */ = {
			isa = PBXGroup;
			children = (
				855BB69723967ADA003A28EA /* Base */,
				855BB69823967AE2003A28EA /* ViewController */,
				855BB67E239574DF003A28EA /* AppDelegate.swift */,
				855BB680239574DF003A28EA /* SceneDelegate.swift */,
				855BB684239574DF003A28EA /* Main.storyboard */,
				855BB687239574E0003A28EA /* Assets.xcassets */,
				855BB689239574E0003A28EA /* LaunchScreen.storyboard */,
				855BB68C239574E0003A28EA /* Info.plist */,
			);
			path = iOS_Final_Project;
			sourceTree = "<group>";
		};
		855BB69723967ADA003A28EA /* Base */ = {
			isa = PBXGroup;
			children = (
				855BB69423959E7D003A28EA /* BaseScrollViewController.swift */,
			);
			path = Base;
			sourceTree = "<group>";
		};
		855BB69823967AE2003A28EA /* ViewController */ = {
			isa = PBXGroup;
			children = (
				855BB692239575F0003A28EA /* LoginViewController.swift */,
				855BB69923967B4D003A28EA /* UserTypeSelectionViewController.swift */,
				855BB69B2396803C003A28EA /* InfoViewController.swift */,
			);
			path = ViewController;
			sourceTree = "<group>";
		};
/* End PBXGroup section */

/* Begin PBXNativeTarget section */
		855BB67A239574DF003A28EA /* iOS_Final_Project */ = {
			isa = PBXNativeTarget;
			buildConfigurationList = 855BB68F239574E0003A28EA /* Build configuration list for PBXNativeTarget "iOS_Final_Project" */;
			buildPhases = (
				855BB677239574DF003A28EA /* Sources */,
				855BB678239574DF003A28EA /* Frameworks */,
				855BB679239574DF003A28EA /* Resources */,
			);
			buildRules = (
			);
			dependencies = (
			);
			name = iOS_Final_Project;
			productName = iOS_Final_Project;
			productReference = 855BB67B239574DF003A28EA /* iOS_Final_Project.app */;
			productType = "com.apple.product-type.application";
		};
/* End PBXNativeTarget section */

/* Begin PBXProject section */
		855BB673239574DF003A28EA /* Project object */ = {
			isa = PBXProject;
			attributes = {
				LastSwiftUpdateCheck = 1120;
				LastUpgradeCheck = 1120;
				ORGANIZATIONNAME = Bogo;
				TargetAttributes = {
					855BB67A239574DF003A28EA = {
						CreatedOnToolsVersion = 11.2.1;
					};
				};
			};
			buildConfigurationList = 855BB676239574DF003A28EA /* Build configuration list for PBXProject "iOS_Final_Project" */;
			compatibilityVersion = "Xcode 9.3";
			developmentRegion = en;
			hasScannedForEncodings = 0;
			knownRegions = (
				en,
				Base,
			);
			mainGroup = 855BB672239574DF003A28EA;
			productRefGroup = 855BB67C239574DF003A28EA /* Products */;
			projectDirPath = "";
			projectRoot = "";
			targets = (
				855BB67A239574DF003A28EA /* iOS_Final_Project */,
			);
		};
/* End PBXProject section */

/* Begin PBXResourcesBuildPhase section */
		855BB679239574DF003A28EA /* Resources */ = {
			isa = PBXResourcesBuildPhase;
			buildActionMask = 2147483647;
			files = (
				855BB68B239574E0003A28EA /* LaunchScreen.storyboard in Resources */,
				855BB688239574E0003A28EA /* Assets.xcassets in Resources */,
				855BB686239574DF003A28EA /* Main.storyboard in Resources */,
			);
			runOnlyForDeploymentPostprocessing = 0;
		};
/* End PBXResourcesBuildPhase section */

/* Begin PBXSourcesBuildPhase section */
		855BB677239574DF003A28EA /* Sources */ = {
			isa = PBXSourcesBuildPhase;
			buildActionMask = 2147483647;
			files = (
				855BB693239575F0003A28EA /* LoginViewController.swift in Sources */,
				855BB67F239574DF003A28EA /* AppDelegate.swift in Sources */,
				855BB69A23967B4D003A28EA /* UserTypeSelectionViewController.swift in Sources */,
				855BB69523959E7D003A28EA /* BaseScrollViewController.swift in Sources */,
				855BB69C2396803C003A28EA /* InfoViewController.swift in Sources */,
				855BB681239574DF003A28EA /* SceneDelegate.swift in Sources */,
			);
			runOnlyForDeploymentPostprocessing = 0;
		};
/* End PBXSourcesBuildPhase section */

/* Begin PBXVariantGroup section */
		855BB684239574DF003A28EA /* Main.storyboard */ = {
			isa = PBXVariantGroup;
			children = (
				855BB685239574DF003A28EA /* Base */,
			);
			name = Main.storyboard;
			sourceTree = "<group>";
		};
		855BB689239574E0003A28EA /* LaunchScreen.storyboard */ = {
			isa = PBXVariantGroup;
			children = (
				855BB68A239574E0003A28EA /* Base */,
			);
			name = LaunchScreen.storyboard;
			sourceTree = "<group>";
		};
/* End PBXVariantGroup section */

/* Begin XCBuildConfiguration section */
		855BB68D239574E0003A28EA /* Debug */ = {
			isa = XCBuildConfiguration;
			buildSettings = {
				ALWAYS_SEARCH_USER_PATHS = NO;
				CLANG_ANALYZER_NONNULL = YES;
				CLANG_ANALYZER_NUMBER_OBJECT_CONVERSION = YES_AGGRESSIVE;
				CLANG_CXX_LANGUAGE_STANDARD = "gnu++14";
				CLANG_CXX_LIBRARY = "libc++";
				CLANG_ENABLE_MODULES = YES;
				CLANG_ENABLE_OBJC_ARC = YES;
				CLANG_ENABLE_OBJC_WEAK = YES;
				CLANG_WARN_BLOCK_CAPTURE_AUTORELEASING = YES;
				CLANG_WARN_BOOL_CONVERSION = YES;
				CLANG_WARN_COMMA = YES;
				CLANG_WARN_CONSTANT_CONVERSION = YES;
				CLANG_WARN_DEPRECATED_OBJC_IMPLEMENTATIONS = YES;
				CLANG_WARN_DIRECT_OBJC_ISA_USAGE = YES_ERROR;
				CLANG_WARN_DOCUMENTATION_COMMENTS = YES;
				CLANG_WARN_EMPTY_BODY = YES;
				CLANG_WARN_ENUM_CONVERSION = YES;
				CLANG_WARN_INFINITE_RECURSION = YES;
				CLANG_WARN_INT_CONVERSION = YES;
				CLANG_WARN_NON_LITERAL_NULL_CONVERSION = YES;
				CLANG_WARN_OBJC_IMPLICIT_RETAIN_SELF = YES;
				CLANG_WARN_OBJC_LITERAL_CONVERSION = YES;
				CLANG_WARN_OBJC_ROOT_CLASS = YES_ERROR;
				CLANG_WARN_RANGE_LOOP_ANALYSIS = YES;
				CLANG_WARN_STRICT_PROTOTYPES = YES;
				CLANG_WARN_SUSPICIOUS_MOVE = YES;
				CLANG_WARN_UNGUARDED_AVAILABILITY = YES_AGGRESSIVE;
				CLANG_WARN_UNREACHABLE_CODE = YES;
				CLANG_WARN__DUPLICATE_METHOD_MATCH = YES;
				COPY_PHASE_STRIP = NO;
				DEBUG_INFORMATION_FORMAT = dwarf;
				ENABLE_STRICT_OBJC_MSGSEND = YES;
				ENABLE_TESTABILITY = YES;
				GCC_C_LANGUAGE_STANDARD = gnu11;
				GCC_DYNAMIC_NO_PIC = NO;
				GCC_NO_COMMON_BLOCKS = YES;
				GCC_OPTIMIZATION_LEVEL = 0;
				GCC_PREPROCESSOR_DEFINITIONS = (
					"DEBUG=1",
					"$(inherited)",
				);
				GCC_WARN_64_TO_32_BIT_CONVERSION = YES;
				GCC_WARN_ABOUT_RETURN_TYPE = YES_ERROR;
				GCC_WARN_UNDECLARED_SELECTOR = YES;
				GCC_WARN_UNINITIALIZED_AUTOS = YES_AGGRESSIVE;
				GCC_WARN_UNUSED_FUNCTION = YES;
				GCC_WARN_UNUSED_VARIABLE = YES;
				IPHONEOS_DEPLOYMENT_TARGET = 13.2;
				MTL_ENABLE_DEBUG_INFO = INCLUDE_SOURCE;
				MTL_FAST_MATH = YES;
				ONLY_ACTIVE_ARCH = YES;
				SDKROOT = iphoneos;
				SWIFT_ACTIVE_COMPILATION_CONDITIONS = DEBUG;
				SWIFT_OPTIMIZATION_LEVEL = "-Onone";
			};
			name = Debug;
		};
		855BB68E239574E0003A28EA /* Release */ = {
			isa = XCBuildConfiguration;
			buildSettings = {
				ALWAYS_SEARCH_USER_PATHS = NO;
				CLANG_ANALYZER_NONNULL = YES;
				CLANG_ANALYZER_NUMBER_OBJECT_CONVERSION = YES_AGGRESSIVE;
				CLANG_CXX_LANGUAGE_STANDARD = "gnu++14";
				CLANG_CXX_LIBRARY = "libc++";
				CLANG_ENABLE_MODULES = YES;
				CLANG_ENABLE_OBJC_ARC = YES;
				CLANG_ENABLE_OBJC_WEAK = YES;
				CLANG_WARN_BLOCK_CAPTURE_AUTORELEASING = YES;
				CLANG_WARN_BOOL_CONVERSION = YES;
				CLANG_WARN_COMMA = YES;
				CLANG_WARN_CONSTANT_CONVERSION = YES;
				CLANG_WARN_DEPRECATED_OBJC_IMPLEMENTATIONS = YES;
				CLANG_WARN_DIRECT_OBJC_ISA_USAGE = YES_ERROR;
				CLANG_WARN_DOCUMENTATION_COMMENTS = YES;
				CLANG_WARN_EMPTY_BODY = YES;
				CLANG_WARN_ENUM_CONVERSION = YES;
				CLANG_WARN_INFINITE_RECURSION = YES;
				CLANG_WARN_INT_CONVERSION = YES;
				CLANG_WARN_NON_LITERAL_NULL_CONVERSION = YES;
				CLANG_WARN_OBJC_IMPLICIT_RETAIN_SELF = YES;
				CLANG_WARN_OBJC_LITERAL_CONVERSION = YES;
				CLANG_WARN_OBJC_ROOT_CLASS = YES_ERROR;
				CLANG_WARN_RANGE_LOOP_ANALYSIS = YES;
				CLANG_WARN_STRICT_PROTOTYPES = YES;
				CLANG_WARN_SUSPICIOUS_MOVE = YES;
				CLANG_WARN_UNGUARDED_AVAILABILITY = YES_AGGRESSIVE;
				CLANG_WARN_UNREACHABLE_CODE = YES;
				CLANG_WARN__DUPLICATE_METHOD_MATCH = YES;
				COPY_PHASE_STRIP = NO;
				DEBUG_INFORMATION_FORMAT = "dwarf-with-dsym";
				ENABLE_NS_ASSERTIONS = NO;
				ENABLE_STRICT_OBJC_MSGSEND = YES;
				GCC_C_LANGUAGE_STANDARD = gnu11;
				GCC_NO_COMMON_BLOCKS = YES;
				GCC_WARN_64_TO_32_BIT_CONVERSION = YES;
				GCC_WARN_ABOUT_RETURN_TYPE = YES_ERROR;
				GCC_WARN_UNDECLARED_SELECTOR = YES;
				GCC_WARN_UNINITIALIZED_AUTOS = YES_AGGRESSIVE;
				GCC_WARN_UNUSED_FUNCTION = YES;
				GCC_WARN_UNUSED_VARIABLE = YES;
				IPHONEOS_DEPLOYMENT_TARGET = 13.2;
				MTL_ENABLE_DEBUG_INFO = NO;
				MTL_FAST_MATH = YES;
				SDKROOT = iphoneos;
				SWIFT_COMPILATION_MODE = wholemodule;
				SWIFT_OPTIMIZATION_LEVEL = "-O";
				VALIDATE_PRODUCT = YES;
			};
			name = Release;
		};
		855BB690239574E0003A28EA /* Debug */ = {
			isa = XCBuildConfiguration;
			buildSettings = {
				ASSETCATALOG_COMPILER_APPICON_NAME = AppIcon;
				CODE_SIGN_STYLE = Automatic;
				INFOPLIST_FILE = iOS_Final_Project/Info.plist;
				LD_RUNPATH_SEARCH_PATHS = (
					"$(inherited)",
					"@executable_path/Frameworks",
				);
				PRODUCT_BUNDLE_IDENTIFIER = "com.bogo.iOS-Final-Project";
				PRODUCT_NAME = "$(TARGET_NAME)";
				SWIFT_VERSION = 5.0;
				TARGETED_DEVICE_FAMILY = "1,2";
			};
			name = Debug;
		};
		855BB691239574E0003A28EA /* Release */ = {
			isa = XCBuildConfiguration;
			buildSettings = {
				ASSETCATALOG_COMPILER_APPICON_NAME = AppIcon;
				CODE_SIGN_STYLE = Automatic;
				INFOPLIST_FILE = iOS_Final_Project/Info.plist;
				LD_RUNPATH_SEARCH_PATHS = (
					"$(inherited)",
					"@executable_path/Frameworks",
				);
				PRODUCT_BUNDLE_IDENTIFIER = "com.bogo.iOS-Final-Project";
				PRODUCT_NAME = "$(TARGET_NAME)";
				SWIFT_VERSION = 5.0;
				TARGETED_DEVICE_FAMILY = "1,2";
			};
			name = Release;
		};
/* End XCBuildConfiguration section */

/* Begin XCConfigurationList section */
		855BB676239574DF003A28EA /* Build configuration list for PBXProject "iOS_Final_Project" */ = {
			isa = XCConfigurationList;
			buildConfigurations = (
				855BB68D239574E0003A28EA /* Debug */,
				855BB68E239574E0003A28EA /* Release */,
			);
			defaultConfigurationIsVisible = 0;
			defaultConfigurationName = Release;
		};
		855BB68F239574E0003A28EA /* Build configuration list for PBXNativeTarget "iOS_Final_Project" */ = {
			isa = XCConfigurationList;
			buildConfigurations = (
				855BB690239574E0003A28EA /* Debug */,
				855BB691239574E0003A28EA /* Release */,
			);
			defaultConfigurationIsVisible = 0;
			defaultConfigurationName = Release;
		};
/* End XCConfigurationList section */
	};
	rootObject = 855BB673239574DF003A28EA /* Project object */;
}
