// !$*UTF8*$!
{
	archiveVersion = 1;
	classes = {
	};
	objectVersion = 50;
	objects = {

/* Begin PBXBuildFile section */
		85056BDA23A24AF700CD1C2E /* DriverNewTripDataSource.swift in Sources */ = {isa = PBXBuildFile; fileRef = 85056BD923A24AF700CD1C2E /* DriverNewTripDataSource.swift */; };
		85056BDC23A2629500CD1C2E /* Date+Additions.swift in Sources */ = {isa = PBXBuildFile; fileRef = 85056BDB23A2629500CD1C2E /* Date+Additions.swift */; };
		85056BDE23A2689000CD1C2E /* DriverNewTripHelper.swift in Sources */ = {isa = PBXBuildFile; fileRef = 85056BDD23A2689000CD1C2E /* DriverNewTripHelper.swift */; };
		85056BE023A2748B00CD1C2E /* DriverEditProfileViewController.swift in Sources */ = {isa = PBXBuildFile; fileRef = 85056BDF23A2748B00CD1C2E /* DriverEditProfileViewController.swift */; };
		85056BE223A274E200CD1C2E /* DriverOtherProfileViewController.swift in Sources */ = {isa = PBXBuildFile; fileRef = 85056BE123A274E200CD1C2E /* DriverOtherProfileViewController.swift */; };
		8505DE7023A11BD5005ACD62 /* DriverHomeDataSource.swift in Sources */ = {isa = PBXBuildFile; fileRef = 8505DE6F23A11BD5005ACD62 /* DriverHomeDataSource.swift */; };
		8505DE7223A134A7005ACD62 /* NewHitchhikerDataSource.swift in Sources */ = {isa = PBXBuildFile; fileRef = 8505DE7123A134A7005ACD62 /* NewHitchhikerDataSource.swift */; };
		8505DE7423A15446005ACD62 /* NewDriverDataSource.swift in Sources */ = {isa = PBXBuildFile; fileRef = 8505DE7323A15446005ACD62 /* NewDriverDataSource.swift */; };
		8505DE7A23A15714005ACD62 /* HitchhikerProfileDataSource.swift in Sources */ = {isa = PBXBuildFile; fileRef = 8505DE7923A15714005ACD62 /* HitchhikerProfileDataSource.swift */; };
		8505DE7C23A158C6005ACD62 /* HitchhikerEditProfileDataSource.swift in Sources */ = {isa = PBXBuildFile; fileRef = 8505DE7B23A158C6005ACD62 /* HitchhikerEditProfileDataSource.swift */; };
		8505DE7E23A15950005ACD62 /* HitchhikerOtherProfileDataSource.swift in Sources */ = {isa = PBXBuildFile; fileRef = 8505DE7D23A15950005ACD62 /* HitchhikerOtherProfileDataSource.swift */; };
		85069AE2239FF3F30012E3B7 /* Driver.storyboard in Resources */ = {isa = PBXBuildFile; fileRef = 85069AE1239FF3F30012E3B7 /* Driver.storyboard */; };
		85069AE7239FF4480012E3B7 /* DriverHomeViewController.swift in Sources */ = {isa = PBXBuildFile; fileRef = 85069AE6239FF4480012E3B7 /* DriverHomeViewController.swift */; };
		85069AE9239FF4540012E3B7 /* DriverHomeHelper.swift in Sources */ = {isa = PBXBuildFile; fileRef = 85069AE8239FF4540012E3B7 /* DriverHomeHelper.swift */; };
		85069AEE23A00F760012E3B7 /* LoginRequest.swift in Sources */ = {isa = PBXBuildFile; fileRef = 85069AED23A00F760012E3B7 /* LoginRequest.swift */; };
		85354BCB23A02C3C00A0EE95 /* LoginResponse.swift in Sources */ = {isa = PBXBuildFile; fileRef = 85354BCA23A02C3C00A0EE95 /* LoginResponse.swift */; };
		85354BCD23A03B4A00A0EE95 /* LoginDataSource.swift in Sources */ = {isa = PBXBuildFile; fileRef = 85354BCC23A03B4A00A0EE95 /* LoginDataSource.swift */; };
		853BC578239A8E3100EC84F8 /* HitchhikerHomeTableViewCell.swift in Sources */ = {isa = PBXBuildFile; fileRef = 853BC577239A8E3100EC84F8 /* HitchhikerHomeTableViewCell.swift */; };
		853BC57A239A93DC00EC84F8 /* HitchhikerHomeDataSource.swift in Sources */ = {isa = PBXBuildFile; fileRef = 853BC579239A93DC00EC84F8 /* HitchhikerHomeDataSource.swift */; };
		853BC57C239A941400EC84F8 /* HitchhikerFeed.swift in Sources */ = {isa = PBXBuildFile; fileRef = 853BC57B239A941400EC84F8 /* HitchhikerFeed.swift */; };
		853BC580239A978E00EC84F8 /* HitchhikerHomeHelper.swift in Sources */ = {isa = PBXBuildFile; fileRef = 853BC57F239A978E00EC84F8 /* HitchhikerHomeHelper.swift */; };
		8546C3612398267200A8317C /* Hitchhiker.storyboard in Resources */ = {isa = PBXBuildFile; fileRef = 8546C3602398267200A8317C /* Hitchhiker.storyboard */; };
		854A44DD2397C3CC00AFC20D /* User.swift in Sources */ = {isa = PBXBuildFile; fileRef = 854A44DC2397C3CC00AFC20D /* User.swift */; };
		854A44E12397C65F00AFC20D /* UserDataSource.swift in Sources */ = {isa = PBXBuildFile; fileRef = 854A44E02397C65E00AFC20D /* UserDataSource.swift */; };
		854A44E72397C8AC00AFC20D /* String+Additions.swift in Sources */ = {isa = PBXBuildFile; fileRef = 854A44E62397C8AC00AFC20D /* String+Additions.swift */; };
		854A44EB2397D66D00AFC20D /* LoginHelper.swift in Sources */ = {isa = PBXBuildFile; fileRef = 854A44EA2397D66D00AFC20D /* LoginHelper.swift */; };
		854A44ED2397D69500AFC20D /* NewHitchhikerAccountHelper.swift in Sources */ = {isa = PBXBuildFile; fileRef = 854A44EC2397D69500AFC20D /* NewHitchhikerAccountHelper.swift */; };
		854EF59923A1760B0085727F /* TripRequest.swift in Sources */ = {isa = PBXBuildFile; fileRef = 854EF59823A1760B0085727F /* TripRequest.swift */; };
		854EF59F23A193650085727F /* DriverProfileViewController.swift in Sources */ = {isa = PBXBuildFile; fileRef = 854EF59E23A193650085727F /* DriverProfileViewController.swift */; };
		854EF5A123A194440085727F /* DriverNewTripViewController.swift in Sources */ = {isa = PBXBuildFile; fileRef = 854EF5A023A194440085727F /* DriverNewTripViewController.swift */; };
		8557E9E623A16F9F00711497 /* HitchhikerTableViewCell.swift in Sources */ = {isa = PBXBuildFile; fileRef = 8557E9E523A16F9F00711497 /* HitchhikerTableViewCell.swift */; };
		8557FEBE239FD333005AB39C /* HitchhikerOtherProfileHelper.swift in Sources */ = {isa = PBXBuildFile; fileRef = 8557FEBD239FD333005AB39C /* HitchhikerOtherProfileHelper.swift */; };
		8557FEC0239FDAB5005AB39C /* HitchhikerTripRequestsViewController.swift in Sources */ = {isa = PBXBuildFile; fileRef = 8557FEBF239FDAB5005AB39C /* HitchhikerTripRequestsViewController.swift */; };
		8557FEC2239FDAC2005AB39C /* HitchhikerTripRequestsHelper.swift in Sources */ = {isa = PBXBuildFile; fileRef = 8557FEC1239FDAC2005AB39C /* HitchhikerTripRequestsHelper.swift */; };
		8557FEC4239FDB02005AB39C /* HitchhikerTripRequestTableViewCell.swift in Sources */ = {isa = PBXBuildFile; fileRef = 8557FEC3239FDB02005AB39C /* HitchhikerTripRequestTableViewCell.swift */; };
		8557FEC6239FDBE5005AB39C /* HitchhikerTripRequestsDataSource.swift in Sources */ = {isa = PBXBuildFile; fileRef = 8557FEC5239FDBE5005AB39C /* HitchhikerTripRequestsDataSource.swift */; };
		8557FEC8239FDC40005AB39C /* HitchhikerTripRequest.swift in Sources */ = {isa = PBXBuildFile; fileRef = 8557FEC7239FDC40005AB39C /* HitchhikerTripRequest.swift */; };
		855BB67F239574DF003A28EA /* AppDelegate.swift in Sources */ = {isa = PBXBuildFile; fileRef = 855BB67E239574DF003A28EA /* AppDelegate.swift */; };
		855BB681239574DF003A28EA /* SceneDelegate.swift in Sources */ = {isa = PBXBuildFile; fileRef = 855BB680239574DF003A28EA /* SceneDelegate.swift */; };
		855BB686239574DF003A28EA /* Main.storyboard in Resources */ = {isa = PBXBuildFile; fileRef = 855BB684239574DF003A28EA /* Main.storyboard */; };
		855BB688239574E0003A28EA /* Assets.xcassets in Resources */ = {isa = PBXBuildFile; fileRef = 855BB687239574E0003A28EA /* Assets.xcassets */; };
		855BB68B239574E0003A28EA /* LaunchScreen.storyboard in Resources */ = {isa = PBXBuildFile; fileRef = 855BB689239574E0003A28EA /* LaunchScreen.storyboard */; };
		855BB693239575F0003A28EA /* LoginViewController.swift in Sources */ = {isa = PBXBuildFile; fileRef = 855BB692239575F0003A28EA /* LoginViewController.swift */; };
		855BB69523959E7D003A28EA /* BaseScrollViewController.swift in Sources */ = {isa = PBXBuildFile; fileRef = 855BB69423959E7D003A28EA /* BaseScrollViewController.swift */; };
		855BB69A23967B4D003A28EA /* UserTypeSelectionViewController.swift in Sources */ = {isa = PBXBuildFile; fileRef = 855BB69923967B4D003A28EA /* UserTypeSelectionViewController.swift */; };
		855BB69C2396803C003A28EA /* InfoViewController.swift in Sources */ = {isa = PBXBuildFile; fileRef = 855BB69B2396803C003A28EA /* InfoViewController.swift */; };
		8574494923A2CEAD000B0B71 /* DriverProfileDataSource.swift in Sources */ = {isa = PBXBuildFile; fileRef = 8574494823A2CEAD000B0B71 /* DriverProfileDataSource.swift */; };
		8574494B23A2CEC8000B0B71 /* DriverEditProfileDataSource.swift in Sources */ = {isa = PBXBuildFile; fileRef = 8574494A23A2CEC8000B0B71 /* DriverEditProfileDataSource.swift */; };
		8574494D23A2CEE3000B0B71 /* DriverOtherProfileDataSource.swift in Sources */ = {isa = PBXBuildFile; fileRef = 8574494C23A2CEE3000B0B71 /* DriverOtherProfileDataSource.swift */; };
		8574494F23A2DF9E000B0B71 /* DriverProfileHelper.swift in Sources */ = {isa = PBXBuildFile; fileRef = 8574494E23A2DF9E000B0B71 /* DriverProfileHelper.swift */; };
		8574495123A2DFAF000B0B71 /* DriverEditProfileHelper.swift in Sources */ = {isa = PBXBuildFile; fileRef = 8574495023A2DFAF000B0B71 /* DriverEditProfileHelper.swift */; };
		8574495323A2DFC7000B0B71 /* DriverOtherProfileHelper.swift in Sources */ = {isa = PBXBuildFile; fileRef = 8574495223A2DFC7000B0B71 /* DriverOtherProfileHelper.swift */; };
		857CA1EB2396F23D00DB44D4 /* NewHitchhikerAccountViewController.swift in Sources */ = {isa = PBXBuildFile; fileRef = 857CA1EA2396F23D00DB44D4 /* NewHitchhikerAccountViewController.swift */; };
		857CA1ED2396F64100DB44D4 /* NewDriverAccountViewController.swift in Sources */ = {isa = PBXBuildFile; fileRef = 857CA1EC2396F64100DB44D4 /* NewDriverAccountViewController.swift */; };
		859B01862397E70400DE9EEC /* NewDriverAccountHelper.swift in Sources */ = {isa = PBXBuildFile; fileRef = 859B01852397E70400DE9EEC /* NewDriverAccountHelper.swift */; };
		85A860EE239E9D6D000A72EE /* HitchhikerProfileViewController.swift in Sources */ = {isa = PBXBuildFile; fileRef = 85A860ED239E9D6D000A72EE /* HitchhikerProfileViewController.swift */; };
		85A860F0239E9E49000A72EE /* InfoTableViewCell.swift in Sources */ = {isa = PBXBuildFile; fileRef = 85A860EF239E9E49000A72EE /* InfoTableViewCell.swift */; };
		85A860F2239EA428000A72EE /* HitchhikerEditProfileViewController.swift in Sources */ = {isa = PBXBuildFile; fileRef = 85A860F1239EA428000A72EE /* HitchhikerEditProfileViewController.swift */; };
		85A860F4239EAAC7000A72EE /* HitchhikerOtherProfileViewController.swift in Sources */ = {isa = PBXBuildFile; fileRef = 85A860F3239EAAC7000A72EE /* HitchhikerOtherProfileViewController.swift */; };
		85A860F6239EACC9000A72EE /* HitchhikerProfileHelper.swift in Sources */ = {isa = PBXBuildFile; fileRef = 85A860F5239EACC9000A72EE /* HitchhikerProfileHelper.swift */; };
		85A860F8239EC558000A72EE /* HitchhikerEditProfileHelper.swift in Sources */ = {isa = PBXBuildFile; fileRef = 85A860F7239EC558000A72EE /* HitchhikerEditProfileHelper.swift */; };
		85E86C7223990D3F009D011F /* HitchhikerHomeViewController.swift in Sources */ = {isa = PBXBuildFile; fileRef = 85E86C7123990D3F009D011F /* HitchhikerHomeViewController.swift */; };
/* End PBXBuildFile section */

/* Begin PBXFileReference section */
		85056BD923A24AF700CD1C2E /* DriverNewTripDataSource.swift */ = {isa = PBXFileReference; lastKnownFileType = sourcecode.swift; path = DriverNewTripDataSource.swift; sourceTree = "<group>"; };
		85056BDB23A2629500CD1C2E /* Date+Additions.swift */ = {isa = PBXFileReference; lastKnownFileType = sourcecode.swift; path = "Date+Additions.swift"; sourceTree = "<group>"; };
		85056BDD23A2689000CD1C2E /* DriverNewTripHelper.swift */ = {isa = PBXFileReference; lastKnownFileType = sourcecode.swift; path = DriverNewTripHelper.swift; sourceTree = "<group>"; };
		85056BDF23A2748B00CD1C2E /* DriverEditProfileViewController.swift */ = {isa = PBXFileReference; lastKnownFileType = sourcecode.swift; path = DriverEditProfileViewController.swift; sourceTree = "<group>"; };
		85056BE123A274E200CD1C2E /* DriverOtherProfileViewController.swift */ = {isa = PBXFileReference; lastKnownFileType = sourcecode.swift; path = DriverOtherProfileViewController.swift; sourceTree = "<group>"; };
		8505DE6F23A11BD5005ACD62 /* DriverHomeDataSource.swift */ = {isa = PBXFileReference; lastKnownFileType = sourcecode.swift; path = DriverHomeDataSource.swift; sourceTree = "<group>"; };
		8505DE7123A134A7005ACD62 /* NewHitchhikerDataSource.swift */ = {isa = PBXFileReference; lastKnownFileType = sourcecode.swift; path = NewHitchhikerDataSource.swift; sourceTree = "<group>"; };
		8505DE7323A15446005ACD62 /* NewDriverDataSource.swift */ = {isa = PBXFileReference; lastKnownFileType = sourcecode.swift; path = NewDriverDataSource.swift; sourceTree = "<group>"; };
		8505DE7923A15714005ACD62 /* HitchhikerProfileDataSource.swift */ = {isa = PBXFileReference; lastKnownFileType = sourcecode.swift; path = HitchhikerProfileDataSource.swift; sourceTree = "<group>"; };
		8505DE7B23A158C6005ACD62 /* HitchhikerEditProfileDataSource.swift */ = {isa = PBXFileReference; lastKnownFileType = sourcecode.swift; path = HitchhikerEditProfileDataSource.swift; sourceTree = "<group>"; };
		8505DE7D23A15950005ACD62 /* HitchhikerOtherProfileDataSource.swift */ = {isa = PBXFileReference; lastKnownFileType = sourcecode.swift; path = HitchhikerOtherProfileDataSource.swift; sourceTree = "<group>"; };
		85069AE1239FF3F30012E3B7 /* Driver.storyboard */ = {isa = PBXFileReference; lastKnownFileType = file.storyboard; path = Driver.storyboard; sourceTree = "<group>"; };
		85069AE6239FF4480012E3B7 /* DriverHomeViewController.swift */ = {isa = PBXFileReference; lastKnownFileType = sourcecode.swift; path = DriverHomeViewController.swift; sourceTree = "<group>"; };
		85069AE8239FF4540012E3B7 /* DriverHomeHelper.swift */ = {isa = PBXFileReference; lastKnownFileType = sourcecode.swift; path = DriverHomeHelper.swift; sourceTree = "<group>"; };
		85069AED23A00F760012E3B7 /* LoginRequest.swift */ = {isa = PBXFileReference; lastKnownFileType = sourcecode.swift; path = LoginRequest.swift; sourceTree = "<group>"; };
		85354BCA23A02C3C00A0EE95 /* LoginResponse.swift */ = {isa = PBXFileReference; lastKnownFileType = sourcecode.swift; path = LoginResponse.swift; sourceTree = "<group>"; };
		85354BCC23A03B4A00A0EE95 /* LoginDataSource.swift */ = {isa = PBXFileReference; lastKnownFileType = sourcecode.swift; path = LoginDataSource.swift; sourceTree = "<group>"; };
		853BC577239A8E3100EC84F8 /* HitchhikerHomeTableViewCell.swift */ = {isa = PBXFileReference; lastKnownFileType = sourcecode.swift; path = HitchhikerHomeTableViewCell.swift; sourceTree = "<group>"; };
		853BC579239A93DC00EC84F8 /* HitchhikerHomeDataSource.swift */ = {isa = PBXFileReference; lastKnownFileType = sourcecode.swift; path = HitchhikerHomeDataSource.swift; sourceTree = "<group>"; };
		853BC57B239A941400EC84F8 /* HitchhikerFeed.swift */ = {isa = PBXFileReference; lastKnownFileType = sourcecode.swift; path = HitchhikerFeed.swift; sourceTree = "<group>"; };
		853BC57F239A978E00EC84F8 /* HitchhikerHomeHelper.swift */ = {isa = PBXFileReference; lastKnownFileType = sourcecode.swift; path = HitchhikerHomeHelper.swift; sourceTree = "<group>"; };
		8546C3602398267200A8317C /* Hitchhiker.storyboard */ = {isa = PBXFileReference; lastKnownFileType = file.storyboard; path = Hitchhiker.storyboard; sourceTree = "<group>"; };
		854A44DC2397C3CC00AFC20D /* User.swift */ = {isa = PBXFileReference; lastKnownFileType = sourcecode.swift; path = User.swift; sourceTree = "<group>"; };
		854A44E02397C65E00AFC20D /* UserDataSource.swift */ = {isa = PBXFileReference; lastKnownFileType = sourcecode.swift; path = UserDataSource.swift; sourceTree = "<group>"; };
		854A44E62397C8AC00AFC20D /* String+Additions.swift */ = {isa = PBXFileReference; lastKnownFileType = sourcecode.swift; path = "String+Additions.swift"; sourceTree = "<group>"; };
		854A44EA2397D66D00AFC20D /* LoginHelper.swift */ = {isa = PBXFileReference; lastKnownFileType = sourcecode.swift; path = LoginHelper.swift; sourceTree = "<group>"; };
		854A44EC2397D69500AFC20D /* NewHitchhikerAccountHelper.swift */ = {isa = PBXFileReference; lastKnownFileType = sourcecode.swift; path = NewHitchhikerAccountHelper.swift; sourceTree = "<group>"; };
		854EF59823A1760B0085727F /* TripRequest.swift */ = {isa = PBXFileReference; lastKnownFileType = sourcecode.swift; path = TripRequest.swift; sourceTree = "<group>"; };
		854EF59E23A193650085727F /* DriverProfileViewController.swift */ = {isa = PBXFileReference; lastKnownFileType = sourcecode.swift; path = DriverProfileViewController.swift; sourceTree = "<group>"; };
		854EF5A023A194440085727F /* DriverNewTripViewController.swift */ = {isa = PBXFileReference; lastKnownFileType = sourcecode.swift; path = DriverNewTripViewController.swift; sourceTree = "<group>"; };
		8557E9E523A16F9F00711497 /* HitchhikerTableViewCell.swift */ = {isa = PBXFileReference; lastKnownFileType = sourcecode.swift; path = HitchhikerTableViewCell.swift; sourceTree = "<group>"; };
		8557FEBD239FD333005AB39C /* HitchhikerOtherProfileHelper.swift */ = {isa = PBXFileReference; lastKnownFileType = sourcecode.swift; path = HitchhikerOtherProfileHelper.swift; sourceTree = "<group>"; };
		8557FEBF239FDAB5005AB39C /* HitchhikerTripRequestsViewController.swift */ = {isa = PBXFileReference; lastKnownFileType = sourcecode.swift; path = HitchhikerTripRequestsViewController.swift; sourceTree = "<group>"; };
		8557FEC1239FDAC2005AB39C /* HitchhikerTripRequestsHelper.swift */ = {isa = PBXFileReference; lastKnownFileType = sourcecode.swift; path = HitchhikerTripRequestsHelper.swift; sourceTree = "<group>"; };
		8557FEC3239FDB02005AB39C /* HitchhikerTripRequestTableViewCell.swift */ = {isa = PBXFileReference; lastKnownFileType = sourcecode.swift; path = HitchhikerTripRequestTableViewCell.swift; sourceTree = "<group>"; };
		8557FEC5239FDBE5005AB39C /* HitchhikerTripRequestsDataSource.swift */ = {isa = PBXFileReference; lastKnownFileType = sourcecode.swift; path = HitchhikerTripRequestsDataSource.swift; sourceTree = "<group>"; };
		8557FEC7239FDC40005AB39C /* HitchhikerTripRequest.swift */ = {isa = PBXFileReference; lastKnownFileType = sourcecode.swift; path = HitchhikerTripRequest.swift; sourceTree = "<group>"; };
		855BB67B239574DF003A28EA /* iOS_Final_Project.app */ = {isa = PBXFileReference; explicitFileType = wrapper.application; includeInIndex = 0; path = iOS_Final_Project.app; sourceTree = BUILT_PRODUCTS_DIR; };
		855BB67E239574DF003A28EA /* AppDelegate.swift */ = {isa = PBXFileReference; lastKnownFileType = sourcecode.swift; path = AppDelegate.swift; sourceTree = "<group>"; };
		855BB680239574DF003A28EA /* SceneDelegate.swift */ = {isa = PBXFileReference; lastKnownFileType = sourcecode.swift; path = SceneDelegate.swift; sourceTree = "<group>"; };
		855BB685239574DF003A28EA /* Base */ = {isa = PBXFileReference; lastKnownFileType = file.storyboard; name = Base; path = Base.lproj/Main.storyboard; sourceTree = "<group>"; };
		855BB687239574E0003A28EA /* Assets.xcassets */ = {isa = PBXFileReference; lastKnownFileType = folder.assetcatalog; path = Assets.xcassets; sourceTree = "<group>"; };
		855BB68A239574E0003A28EA /* Base */ = {isa = PBXFileReference; lastKnownFileType = file.storyboard; name = Base; path = Base.lproj/LaunchScreen.storyboard; sourceTree = "<group>"; };
		855BB68C239574E0003A28EA /* Info.plist */ = {isa = PBXFileReference; lastKnownFileType = text.plist.xml; path = Info.plist; sourceTree = "<group>"; };
		855BB692239575F0003A28EA /* LoginViewController.swift */ = {isa = PBXFileReference; lastKnownFileType = sourcecode.swift; path = LoginViewController.swift; sourceTree = "<group>"; };
		855BB69423959E7D003A28EA /* BaseScrollViewController.swift */ = {isa = PBXFileReference; lastKnownFileType = sourcecode.swift; path = BaseScrollViewController.swift; sourceTree = "<group>"; };
		855BB69923967B4D003A28EA /* UserTypeSelectionViewController.swift */ = {isa = PBXFileReference; lastKnownFileType = sourcecode.swift; path = UserTypeSelectionViewController.swift; sourceTree = "<group>"; };
		855BB69B2396803C003A28EA /* InfoViewController.swift */ = {isa = PBXFileReference; lastKnownFileType = sourcecode.swift; path = InfoViewController.swift; sourceTree = "<group>"; };
		8574494823A2CEAD000B0B71 /* DriverProfileDataSource.swift */ = {isa = PBXFileReference; lastKnownFileType = sourcecode.swift; path = DriverProfileDataSource.swift; sourceTree = "<group>"; };
		8574494A23A2CEC8000B0B71 /* DriverEditProfileDataSource.swift */ = {isa = PBXFileReference; lastKnownFileType = sourcecode.swift; path = DriverEditProfileDataSource.swift; sourceTree = "<group>"; };
		8574494C23A2CEE3000B0B71 /* DriverOtherProfileDataSource.swift */ = {isa = PBXFileReference; lastKnownFileType = sourcecode.swift; path = DriverOtherProfileDataSource.swift; sourceTree = "<group>"; };
		8574494E23A2DF9E000B0B71 /* DriverProfileHelper.swift */ = {isa = PBXFileReference; lastKnownFileType = sourcecode.swift; path = DriverProfileHelper.swift; sourceTree = "<group>"; };
		8574495023A2DFAF000B0B71 /* DriverEditProfileHelper.swift */ = {isa = PBXFileReference; lastKnownFileType = sourcecode.swift; path = DriverEditProfileHelper.swift; sourceTree = "<group>"; };
		8574495223A2DFC7000B0B71 /* DriverOtherProfileHelper.swift */ = {isa = PBXFileReference; lastKnownFileType = sourcecode.swift; path = DriverOtherProfileHelper.swift; sourceTree = "<group>"; };
		857CA1EA2396F23D00DB44D4 /* NewHitchhikerAccountViewController.swift */ = {isa = PBXFileReference; lastKnownFileType = sourcecode.swift; path = NewHitchhikerAccountViewController.swift; sourceTree = "<group>"; };
		857CA1EC2396F64100DB44D4 /* NewDriverAccountViewController.swift */ = {isa = PBXFileReference; lastKnownFileType = sourcecode.swift; path = NewDriverAccountViewController.swift; sourceTree = "<group>"; };
		859B01852397E70400DE9EEC /* NewDriverAccountHelper.swift */ = {isa = PBXFileReference; lastKnownFileType = sourcecode.swift; path = NewDriverAccountHelper.swift; sourceTree = "<group>"; };
		85A860ED239E9D6D000A72EE /* HitchhikerProfileViewController.swift */ = {isa = PBXFileReference; lastKnownFileType = sourcecode.swift; path = HitchhikerProfileViewController.swift; sourceTree = "<group>"; };
		85A860EF239E9E49000A72EE /* InfoTableViewCell.swift */ = {isa = PBXFileReference; lastKnownFileType = sourcecode.swift; path = InfoTableViewCell.swift; sourceTree = "<group>"; };
		85A860F1239EA428000A72EE /* HitchhikerEditProfileViewController.swift */ = {isa = PBXFileReference; lastKnownFileType = sourcecode.swift; path = HitchhikerEditProfileViewController.swift; sourceTree = "<group>"; };
		85A860F3239EAAC7000A72EE /* HitchhikerOtherProfileViewController.swift */ = {isa = PBXFileReference; lastKnownFileType = sourcecode.swift; path = HitchhikerOtherProfileViewController.swift; sourceTree = "<group>"; };
		85A860F5239EACC9000A72EE /* HitchhikerProfileHelper.swift */ = {isa = PBXFileReference; lastKnownFileType = sourcecode.swift; path = HitchhikerProfileHelper.swift; sourceTree = "<group>"; };
		85A860F7239EC558000A72EE /* HitchhikerEditProfileHelper.swift */ = {isa = PBXFileReference; lastKnownFileType = sourcecode.swift; path = HitchhikerEditProfileHelper.swift; sourceTree = "<group>"; };
		85E86C7123990D3F009D011F /* HitchhikerHomeViewController.swift */ = {isa = PBXFileReference; lastKnownFileType = sourcecode.swift; path = HitchhikerHomeViewController.swift; sourceTree = "<group>"; };
/* End PBXFileReference section */

/* Begin PBXFrameworksBuildPhase section */
		855BB678239574DF003A28EA /* Frameworks */ = {
			isa = PBXFrameworksBuildPhase;
			buildActionMask = 2147483647;
			files = (
			);
			runOnlyForDeploymentPostprocessing = 0;
		};
/* End PBXFrameworksBuildPhase section */

/* Begin PBXGroup section */
		8505DE7523A15603005ACD62 /* Data Source */ = {
			isa = PBXGroup;
			children = (
				854A44E02397C65E00AFC20D /* UserDataSource.swift */,
				85354BCC23A03B4A00A0EE95 /* LoginDataSource.swift */,
				8505DE7123A134A7005ACD62 /* NewHitchhikerDataSource.swift */,
				8505DE7323A15446005ACD62 /* NewDriverDataSource.swift */,
			);
			path = "Data Source";
			sourceTree = "<group>";
		};
		8505DE7623A15624005ACD62 /* Helper */ = {
			isa = PBXGroup;
			children = (
				854A44EA2397D66D00AFC20D /* LoginHelper.swift */,
				854A44EC2397D69500AFC20D /* NewHitchhikerAccountHelper.swift */,
				859B01852397E70400DE9EEC /* NewDriverAccountHelper.swift */,
			);
			path = Helper;
			sourceTree = "<group>";
		};
		8505DE7723A1565E005ACD62 /* Data Source */ = {
			isa = PBXGroup;
			children = (
				8505DE7B23A158C6005ACD62 /* HitchhikerEditProfileDataSource.swift */,
				853BC579239A93DC00EC84F8 /* HitchhikerHomeDataSource.swift */,
				8505DE7D23A15950005ACD62 /* HitchhikerOtherProfileDataSource.swift */,
				8505DE7923A15714005ACD62 /* HitchhikerProfileDataSource.swift */,
				8557FEC5239FDBE5005AB39C /* HitchhikerTripRequestsDataSource.swift */,
			);
			path = "Data Source";
			sourceTree = "<group>";
		};
		8505DE7823A15666005ACD62 /* Helper */ = {
			isa = PBXGroup;
			children = (
				85A860F7239EC558000A72EE /* HitchhikerEditProfileHelper.swift */,
				853BC57F239A978E00EC84F8 /* HitchhikerHomeHelper.swift */,
				8557FEBD239FD333005AB39C /* HitchhikerOtherProfileHelper.swift */,
				85A860F5239EACC9000A72EE /* HitchhikerProfileHelper.swift */,
				8557FEC1239FDAC2005AB39C /* HitchhikerTripRequestsHelper.swift */,
			);
			path = Helper;
			sourceTree = "<group>";
		};
		85069AE0239FF3AB0012E3B7 /* Driver */ = {
			isa = PBXGroup;
			children = (
				85069AE3239FF4130012E3B7 /* Cell */,
				85069AE4239FF41C0012E3B7 /* ViewController */,
				85069AE5239FF4240012E3B7 /* Model */,
				85069AE1239FF3F30012E3B7 /* Driver.storyboard */,
			);
			path = Driver;
			sourceTree = "<group>";
		};
		85069AE3239FF4130012E3B7 /* Cell */ = {
			isa = PBXGroup;
			children = (
				8557E9E523A16F9F00711497 /* HitchhikerTableViewCell.swift */,
			);
			path = Cell;
			sourceTree = "<group>";
		};
		85069AE4239FF41C0012E3B7 /* ViewController */ = {
			isa = PBXGroup;
			children = (
				85069AE6239FF4480012E3B7 /* DriverHomeViewController.swift */,
				854EF59E23A193650085727F /* DriverProfileViewController.swift */,
				854EF5A023A194440085727F /* DriverNewTripViewController.swift */,
				85056BDF23A2748B00CD1C2E /* DriverEditProfileViewController.swift */,
				85056BE123A274E200CD1C2E /* DriverOtherProfileViewController.swift */,
			);
			path = ViewController;
			sourceTree = "<group>";
		};
		85069AE5239FF4240012E3B7 /* Model */ = {
			isa = PBXGroup;
			children = (
				8557E9DC23A16A7E00711497 /* DataSource */,
				8557E9DB23A16A7800711497 /* Helper */,
				854EF59823A1760B0085727F /* TripRequest.swift */,
			);
			path = Model;
			sourceTree = "<group>";
		};
		85069AEA23A00F5B0012E3B7 /* Network */ = {
			isa = PBXGroup;
			children = (
				85069AED23A00F760012E3B7 /* LoginRequest.swift */,
				85354BCA23A02C3C00A0EE95 /* LoginResponse.swift */,
			);
			path = Network;
			sourceTree = "<group>";
		};
		853BC576239A8E0800EC84F8 /* Cells */ = {
			isa = PBXGroup;
			children = (
				853BC577239A8E3100EC84F8 /* HitchhikerHomeTableViewCell.swift */,
				85A860EF239E9E49000A72EE /* InfoTableViewCell.swift */,
				8557FEC3239FDB02005AB39C /* HitchhikerTripRequestTableViewCell.swift */,
			);
			path = Cells;
			sourceTree = "<group>";
		};
		8546C35F2398265600A8317C /* Hitchhiker */ = {
			isa = PBXGroup;
			children = (
				853BC576239A8E0800EC84F8 /* Cells */,
				85E86C7023990D24009D011F /* ViewController */,
				8546C362239826B600A8317C /* Model */,
				8546C3602398267200A8317C /* Hitchhiker.storyboard */,
			);
			path = Hitchhiker;
			sourceTree = "<group>";
		};
		8546C362239826B600A8317C /* Model */ = {
			isa = PBXGroup;
			children = (
				8505DE7823A15666005ACD62 /* Helper */,
				8505DE7723A1565E005ACD62 /* Data Source */,
				853BC57B239A941400EC84F8 /* HitchhikerFeed.swift */,
				8557FEC7239FDC40005AB39C /* HitchhikerTripRequest.swift */,
			);
			path = Model;
			sourceTree = "<group>";
		};
		854A44DA2397C38600AFC20D /* Registry */ = {
			isa = PBXGroup;
			children = (
				85069AEA23A00F5B0012E3B7 /* Network */,
				854A44DB2397C3A200AFC20D /* Model */,
				855BB69823967AE2003A28EA /* ViewController */,
				855BB684239574DF003A28EA /* Main.storyboard */,
			);
			path = Registry;
			sourceTree = "<group>";
		};
		854A44DB2397C3A200AFC20D /* Model */ = {
			isa = PBXGroup;
			children = (
				8505DE7623A15624005ACD62 /* Helper */,
				8505DE7523A15603005ACD62 /* Data Source */,
				854A44DC2397C3CC00AFC20D /* User.swift */,
			);
			path = Model;
			sourceTree = "<group>";
		};
		854A44E42397C72D00AFC20D /* Reusables */ = {
			isa = PBXGroup;
			children = (
				854A44E52397C73800AFC20D /* Extensions */,
			);
			path = Reusables;
			sourceTree = "<group>";
		};
		854A44E52397C73800AFC20D /* Extensions */ = {
			isa = PBXGroup;
			children = (
				854A44E62397C8AC00AFC20D /* String+Additions.swift */,
				85056BDB23A2629500CD1C2E /* Date+Additions.swift */,
			);
			path = Extensions;
			sourceTree = "<group>";
		};
		8557E9DB23A16A7800711497 /* Helper */ = {
			isa = PBXGroup;
			children = (
				85069AE8239FF4540012E3B7 /* DriverHomeHelper.swift */,
				85056BDD23A2689000CD1C2E /* DriverNewTripHelper.swift */,
				8574494E23A2DF9E000B0B71 /* DriverProfileHelper.swift */,
				8574495023A2DFAF000B0B71 /* DriverEditProfileHelper.swift */,
				8574495223A2DFC7000B0B71 /* DriverOtherProfileHelper.swift */,
			);
			path = Helper;
			sourceTree = "<group>";
		};
		8557E9DC23A16A7E00711497 /* DataSource */ = {
			isa = PBXGroup;
			children = (
				8505DE6F23A11BD5005ACD62 /* DriverHomeDataSource.swift */,
				85056BD923A24AF700CD1C2E /* DriverNewTripDataSource.swift */,
				8574494823A2CEAD000B0B71 /* DriverProfileDataSource.swift */,
				8574494A23A2CEC8000B0B71 /* DriverEditProfileDataSource.swift */,
				8574494C23A2CEE3000B0B71 /* DriverOtherProfileDataSource.swift */,
			);
			path = DataSource;
			sourceTree = "<group>";
		};
		855BB672239574DF003A28EA = {
			isa = PBXGroup;
			children = (
				855BB67D239574DF003A28EA /* iOS_Final_Project */,
				855BB67C239574DF003A28EA /* Products */,
			);
			sourceTree = "<group>";
		};
		855BB67C239574DF003A28EA /* Products */ = {
			isa = PBXGroup;
			children = (
				855BB67B239574DF003A28EA /* iOS_Final_Project.app */,
			);
			name = Products;
			sourceTree = "<group>";
		};
		855BB67D239574DF003A28EA /* iOS_Final_Project */ = {
			isa = PBXGroup;
			children = (
				855BB68C239574E0003A28EA /* Info.plist */,
				855BB67E239574DF003A28EA /* AppDelegate.swift */,
				855BB680239574DF003A28EA /* SceneDelegate.swift */,
				855BB689239574E0003A28EA /* LaunchScreen.storyboard */,
				855BB687239574E0003A28EA /* Assets.xcassets */,
				854A44E42397C72D00AFC20D /* Reusables */,
				855BB69723967ADA003A28EA /* Base */,
				854A44DA2397C38600AFC20D /* Registry */,
				8546C35F2398265600A8317C /* Hitchhiker */,
				85069AE0239FF3AB0012E3B7 /* Driver */,
			);
			path = iOS_Final_Project;
			sourceTree = "<group>";
		};
		855BB69723967ADA003A28EA /* Base */ = {
			isa = PBXGroup;
			children = (
				855BB69423959E7D003A28EA /* BaseScrollViewController.swift */,
			);
			path = Base;
			sourceTree = "<group>";
		};
		855BB69823967AE2003A28EA /* ViewController */ = {
			isa = PBXGroup;
			children = (
				855BB692239575F0003A28EA /* LoginViewController.swift */,
				855BB69923967B4D003A28EA /* UserTypeSelectionViewController.swift */,
				855BB69B2396803C003A28EA /* InfoViewController.swift */,
				857CA1EA2396F23D00DB44D4 /* NewHitchhikerAccountViewController.swift */,
				857CA1EC2396F64100DB44D4 /* NewDriverAccountViewController.swift */,
			);
			path = ViewController;
			sourceTree = "<group>";
		};
		85E86C7023990D24009D011F /* ViewController */ = {
			isa = PBXGroup;
			children = (
				85E86C7123990D3F009D011F /* HitchhikerHomeViewController.swift */,
				85A860ED239E9D6D000A72EE /* HitchhikerProfileViewController.swift */,
				85A860F1239EA428000A72EE /* HitchhikerEditProfileViewController.swift */,
				85A860F3239EAAC7000A72EE /* HitchhikerOtherProfileViewController.swift */,
				8557FEBF239FDAB5005AB39C /* HitchhikerTripRequestsViewController.swift */,
			);
			path = ViewController;
			sourceTree = "<group>";
		};
/* End PBXGroup section */

/* Begin PBXNativeTarget section */
		855BB67A239574DF003A28EA /* iOS_Final_Project */ = {
			isa = PBXNativeTarget;
			buildConfigurationList = 855BB68F239574E0003A28EA /* Build configuration list for PBXNativeTarget "iOS_Final_Project" */;
			buildPhases = (
				855BB677239574DF003A28EA /* Sources */,
				855BB678239574DF003A28EA /* Frameworks */,
				855BB679239574DF003A28EA /* Resources */,
			);
			buildRules = (
			);
			dependencies = (
			);
			name = iOS_Final_Project;
			productName = iOS_Final_Project;
			productReference = 855BB67B239574DF003A28EA /* iOS_Final_Project.app */;
			productType = "com.apple.product-type.application";
		};
/* End PBXNativeTarget section */

/* Begin PBXProject section */
		855BB673239574DF003A28EA /* Project object */ = {
			isa = PBXProject;
			attributes = {
				LastSwiftUpdateCheck = 1120;
				LastUpgradeCheck = 1120;
				ORGANIZATIONNAME = Bogo;
				TargetAttributes = {
					855BB67A239574DF003A28EA = {
						CreatedOnToolsVersion = 11.2.1;
					};
				};
			};
			buildConfigurationList = 855BB676239574DF003A28EA /* Build configuration list for PBXProject "iOS_Final_Project" */;
			compatibilityVersion = "Xcode 9.3";
			developmentRegion = en;
			hasScannedForEncodings = 0;
			knownRegions = (
				en,
				Base,
			);
			mainGroup = 855BB672239574DF003A28EA;
			productRefGroup = 855BB67C239574DF003A28EA /* Products */;
			projectDirPath = "";
			projectRoot = "";
			targets = (
				855BB67A239574DF003A28EA /* iOS_Final_Project */,
			);
		};
/* End PBXProject section */

/* Begin PBXResourcesBuildPhase section */
		855BB679239574DF003A28EA /* Resources */ = {
			isa = PBXResourcesBuildPhase;
			buildActionMask = 2147483647;
			files = (
				85069AE2239FF3F30012E3B7 /* Driver.storyboard in Resources */,
				855BB68B239574E0003A28EA /* LaunchScreen.storyboard in Resources */,
				855BB688239574E0003A28EA /* Assets.xcassets in Resources */,
				855BB686239574DF003A28EA /* Main.storyboard in Resources */,
				8546C3612398267200A8317C /* Hitchhiker.storyboard in Resources */,
			);
			runOnlyForDeploymentPostprocessing = 0;
		};
/* End PBXResourcesBuildPhase section */

/* Begin PBXSourcesBuildPhase section */
		855BB677239574DF003A28EA /* Sources */ = {
			isa = PBXSourcesBuildPhase;
			buildActionMask = 2147483647;
			files = (
				855BB693239575F0003A28EA /* LoginViewController.swift in Sources */,
				85069AEE23A00F760012E3B7 /* LoginRequest.swift in Sources */,
				85056BDA23A24AF700CD1C2E /* DriverNewTripDataSource.swift in Sources */,
				8574494D23A2CEE3000B0B71 /* DriverOtherProfileDataSource.swift in Sources */,
				85A860F2239EA428000A72EE /* HitchhikerEditProfileViewController.swift in Sources */,
				853BC578239A8E3100EC84F8 /* HitchhikerHomeTableViewCell.swift in Sources */,
				85E86C7223990D3F009D011F /* HitchhikerHomeViewController.swift in Sources */,
				8505DE7423A15446005ACD62 /* NewDriverDataSource.swift in Sources */,
				85A860EE239E9D6D000A72EE /* HitchhikerProfileViewController.swift in Sources */,
				857CA1ED2396F64100DB44D4 /* NewDriverAccountViewController.swift in Sources */,
				853BC57A239A93DC00EC84F8 /* HitchhikerHomeDataSource.swift in Sources */,
				8574494F23A2DF9E000B0B71 /* DriverProfileHelper.swift in Sources */,
				8505DE7223A134A7005ACD62 /* NewHitchhikerDataSource.swift in Sources */,
				859B01862397E70400DE9EEC /* NewDriverAccountHelper.swift in Sources */,
				855BB67F239574DF003A28EA /* AppDelegate.swift in Sources */,
				855BB69A23967B4D003A28EA /* UserTypeSelectionViewController.swift in Sources */,
				853BC57C239A941400EC84F8 /* HitchhikerFeed.swift in Sources */,
				8557FEBE239FD333005AB39C /* HitchhikerOtherProfileHelper.swift in Sources */,
				8505DE7023A11BD5005ACD62 /* DriverHomeDataSource.swift in Sources */,
				855BB69523959E7D003A28EA /* BaseScrollViewController.swift in Sources */,
				8505DE7A23A15714005ACD62 /* HitchhikerProfileDataSource.swift in Sources */,
				85069AE7239FF4480012E3B7 /* DriverHomeViewController.swift in Sources */,
				85056BE023A2748B00CD1C2E /* DriverEditProfileViewController.swift in Sources */,
				8557E9E623A16F9F00711497 /* HitchhikerTableViewCell.swift in Sources */,
				854A44E72397C8AC00AFC20D /* String+Additions.swift in Sources */,
				854A44DD2397C3CC00AFC20D /* User.swift in Sources */,
				8557FEC4239FDB02005AB39C /* HitchhikerTripRequestTableViewCell.swift in Sources */,
				855BB69C2396803C003A28EA /* InfoViewController.swift in Sources */,
				854EF59923A1760B0085727F /* TripRequest.swift in Sources */,
				854A44E12397C65F00AFC20D /* UserDataSource.swift in Sources */,
				8557FEC6239FDBE5005AB39C /* HitchhikerTripRequestsDataSource.swift in Sources */,
				854A44ED2397D69500AFC20D /* NewHitchhikerAccountHelper.swift in Sources */,
				8505DE7E23A15950005ACD62 /* HitchhikerOtherProfileDataSource.swift in Sources */,
				8574494B23A2CEC8000B0B71 /* DriverEditProfileDataSource.swift in Sources */,
				85056BDE23A2689000CD1C2E /* DriverNewTripHelper.swift in Sources */,
				8574494923A2CEAD000B0B71 /* DriverProfileDataSource.swift in Sources */,
				8557FEC0239FDAB5005AB39C /* HitchhikerTripRequestsViewController.swift in Sources */,
				8557FEC2239FDAC2005AB39C /* HitchhikerTripRequestsHelper.swift in Sources */,
				85A860F4239EAAC7000A72EE /* HitchhikerOtherProfileViewController.swift in Sources */,
				85069AE9239FF4540012E3B7 /* DriverHomeHelper.swift in Sources */,
				854EF59F23A193650085727F /* DriverProfileViewController.swift in Sources */,
				8574495323A2DFC7000B0B71 /* DriverOtherProfileHelper.swift in Sources */,
				854A44EB2397D66D00AFC20D /* LoginHelper.swift in Sources */,
				85A860F8239EC558000A72EE /* HitchhikerEditProfileHelper.swift in Sources */,
				85354BCD23A03B4A00A0EE95 /* LoginDataSource.swift in Sources */,
				85056BE223A274E200CD1C2E /* DriverOtherProfileViewController.swift in Sources */,
				855BB681239574DF003A28EA /* SceneDelegate.swift in Sources */,
				85056BDC23A2629500CD1C2E /* Date+Additions.swift in Sources */,
				85A860F6239EACC9000A72EE /* HitchhikerProfileHelper.swift in Sources */,
				8505DE7C23A158C6005ACD62 /* HitchhikerEditProfileDataSource.swift in Sources */,
				85A860F0239E9E49000A72EE /* InfoTableViewCell.swift in Sources */,
				8557FEC8239FDC40005AB39C /* HitchhikerTripRequest.swift in Sources */,
				8574495123A2DFAF000B0B71 /* DriverEditProfileHelper.swift in Sources */,
				857CA1EB2396F23D00DB44D4 /* NewHitchhikerAccountViewController.swift in Sources */,
				853BC580239A978E00EC84F8 /* HitchhikerHomeHelper.swift in Sources */,
				854EF5A123A194440085727F /* DriverNewTripViewController.swift in Sources */,
				85354BCB23A02C3C00A0EE95 /* LoginResponse.swift in Sources */,
			);
			runOnlyForDeploymentPostprocessing = 0;
		};
/* End PBXSourcesBuildPhase section */

/* Begin PBXVariantGroup section */
		855BB684239574DF003A28EA /* Main.storyboard */ = {
			isa = PBXVariantGroup;
			children = (
				855BB685239574DF003A28EA /* Base */,
			);
			name = Main.storyboard;
			sourceTree = "<group>";
		};
		855BB689239574E0003A28EA /* LaunchScreen.storyboard */ = {
			isa = PBXVariantGroup;
			children = (
				855BB68A239574E0003A28EA /* Base */,
			);
			name = LaunchScreen.storyboard;
			sourceTree = "<group>";
		};
/* End PBXVariantGroup section */

/* Begin XCBuildConfiguration section */
		855BB68D239574E0003A28EA /* Debug */ = {
			isa = XCBuildConfiguration;
			buildSettings = {
				ALWAYS_SEARCH_USER_PATHS = NO;
				CLANG_ANALYZER_NONNULL = YES;
				CLANG_ANALYZER_NUMBER_OBJECT_CONVERSION = YES_AGGRESSIVE;
				CLANG_CXX_LANGUAGE_STANDARD = "gnu++14";
				CLANG_CXX_LIBRARY = "libc++";
				CLANG_ENABLE_MODULES = YES;
				CLANG_ENABLE_OBJC_ARC = YES;
				CLANG_ENABLE_OBJC_WEAK = YES;
				CLANG_WARN_BLOCK_CAPTURE_AUTORELEASING = YES;
				CLANG_WARN_BOOL_CONVERSION = YES;
				CLANG_WARN_COMMA = YES;
				CLANG_WARN_CONSTANT_CONVERSION = YES;
				CLANG_WARN_DEPRECATED_OBJC_IMPLEMENTATIONS = YES;
				CLANG_WARN_DIRECT_OBJC_ISA_USAGE = YES_ERROR;
				CLANG_WARN_DOCUMENTATION_COMMENTS = YES;
				CLANG_WARN_EMPTY_BODY = YES;
				CLANG_WARN_ENUM_CONVERSION = YES;
				CLANG_WARN_INFINITE_RECURSION = YES;
				CLANG_WARN_INT_CONVERSION = YES;
				CLANG_WARN_NON_LITERAL_NULL_CONVERSION = YES;
				CLANG_WARN_OBJC_IMPLICIT_RETAIN_SELF = YES;
				CLANG_WARN_OBJC_LITERAL_CONVERSION = YES;
				CLANG_WARN_OBJC_ROOT_CLASS = YES_ERROR;
				CLANG_WARN_RANGE_LOOP_ANALYSIS = YES;
				CLANG_WARN_STRICT_PROTOTYPES = YES;
				CLANG_WARN_SUSPICIOUS_MOVE = YES;
				CLANG_WARN_UNGUARDED_AVAILABILITY = YES_AGGRESSIVE;
				CLANG_WARN_UNREACHABLE_CODE = YES;
				CLANG_WARN__DUPLICATE_METHOD_MATCH = YES;
				COPY_PHASE_STRIP = NO;
				DEBUG_INFORMATION_FORMAT = dwarf;
				ENABLE_STRICT_OBJC_MSGSEND = YES;
				ENABLE_TESTABILITY = YES;
				GCC_C_LANGUAGE_STANDARD = gnu11;
				GCC_DYNAMIC_NO_PIC = NO;
				GCC_NO_COMMON_BLOCKS = YES;
				GCC_OPTIMIZATION_LEVEL = 0;
				GCC_PREPROCESSOR_DEFINITIONS = (
					"DEBUG=1",
					"$(inherited)",
				);
				GCC_WARN_64_TO_32_BIT_CONVERSION = YES;
				GCC_WARN_ABOUT_RETURN_TYPE = YES_ERROR;
				GCC_WARN_UNDECLARED_SELECTOR = YES;
				GCC_WARN_UNINITIALIZED_AUTOS = YES_AGGRESSIVE;
				GCC_WARN_UNUSED_FUNCTION = YES;
				GCC_WARN_UNUSED_VARIABLE = YES;
				IPHONEOS_DEPLOYMENT_TARGET = 13.2;
				MTL_ENABLE_DEBUG_INFO = INCLUDE_SOURCE;
				MTL_FAST_MATH = YES;
				ONLY_ACTIVE_ARCH = YES;
				SDKROOT = iphoneos;
				SWIFT_ACTIVE_COMPILATION_CONDITIONS = DEBUG;
				SWIFT_OPTIMIZATION_LEVEL = "-Onone";
			};
			name = Debug;
		};
		855BB68E239574E0003A28EA /* Release */ = {
			isa = XCBuildConfiguration;
			buildSettings = {
				ALWAYS_SEARCH_USER_PATHS = NO;
				CLANG_ANALYZER_NONNULL = YES;
				CLANG_ANALYZER_NUMBER_OBJECT_CONVERSION = YES_AGGRESSIVE;
				CLANG_CXX_LANGUAGE_STANDARD = "gnu++14";
				CLANG_CXX_LIBRARY = "libc++";
				CLANG_ENABLE_MODULES = YES;
				CLANG_ENABLE_OBJC_ARC = YES;
				CLANG_ENABLE_OBJC_WEAK = YES;
				CLANG_WARN_BLOCK_CAPTURE_AUTORELEASING = YES;
				CLANG_WARN_BOOL_CONVERSION = YES;
				CLANG_WARN_COMMA = YES;
				CLANG_WARN_CONSTANT_CONVERSION = YES;
				CLANG_WARN_DEPRECATED_OBJC_IMPLEMENTATIONS = YES;
				CLANG_WARN_DIRECT_OBJC_ISA_USAGE = YES_ERROR;
				CLANG_WARN_DOCUMENTATION_COMMENTS = YES;
				CLANG_WARN_EMPTY_BODY = YES;
				CLANG_WARN_ENUM_CONVERSION = YES;
				CLANG_WARN_INFINITE_RECURSION = YES;
				CLANG_WARN_INT_CONVERSION = YES;
				CLANG_WARN_NON_LITERAL_NULL_CONVERSION = YES;
				CLANG_WARN_OBJC_IMPLICIT_RETAIN_SELF = YES;
				CLANG_WARN_OBJC_LITERAL_CONVERSION = YES;
				CLANG_WARN_OBJC_ROOT_CLASS = YES_ERROR;
				CLANG_WARN_RANGE_LOOP_ANALYSIS = YES;
				CLANG_WARN_STRICT_PROTOTYPES = YES;
				CLANG_WARN_SUSPICIOUS_MOVE = YES;
				CLANG_WARN_UNGUARDED_AVAILABILITY = YES_AGGRESSIVE;
				CLANG_WARN_UNREACHABLE_CODE = YES;
				CLANG_WARN__DUPLICATE_METHOD_MATCH = YES;
				COPY_PHASE_STRIP = NO;
				DEBUG_INFORMATION_FORMAT = "dwarf-with-dsym";
				ENABLE_NS_ASSERTIONS = NO;
				ENABLE_STRICT_OBJC_MSGSEND = YES;
				GCC_C_LANGUAGE_STANDARD = gnu11;
				GCC_NO_COMMON_BLOCKS = YES;
				GCC_WARN_64_TO_32_BIT_CONVERSION = YES;
				GCC_WARN_ABOUT_RETURN_TYPE = YES_ERROR;
				GCC_WARN_UNDECLARED_SELECTOR = YES;
				GCC_WARN_UNINITIALIZED_AUTOS = YES_AGGRESSIVE;
				GCC_WARN_UNUSED_FUNCTION = YES;
				GCC_WARN_UNUSED_VARIABLE = YES;
				IPHONEOS_DEPLOYMENT_TARGET = 13.2;
				MTL_ENABLE_DEBUG_INFO = NO;
				MTL_FAST_MATH = YES;
				SDKROOT = iphoneos;
				SWIFT_COMPILATION_MODE = wholemodule;
				SWIFT_OPTIMIZATION_LEVEL = "-O";
				VALIDATE_PRODUCT = YES;
			};
			name = Release;
		};
		855BB690239574E0003A28EA /* Debug */ = {
			isa = XCBuildConfiguration;
			buildSettings = {
				ASSETCATALOG_COMPILER_APPICON_NAME = AppIcon;
				CODE_SIGN_IDENTITY = "Apple Development";
				CODE_SIGN_STYLE = Manual;
				DEVELOPMENT_TEAM = "";
				INFOPLIST_FILE = iOS_Final_Project/Info.plist;
				LD_RUNPATH_SEARCH_PATHS = (
					"$(inherited)",
					"@executable_path/Frameworks",
				);
				PRODUCT_BUNDLE_IDENTIFIER = "com.bogo.iOS-Final-Project";
				PRODUCT_NAME = "$(TARGET_NAME)";
				PROVISIONING_PROFILE_SPECIFIER = "";
				SWIFT_VERSION = 5.0;
				TARGETED_DEVICE_FAMILY = "1,2";
			};
			name = Debug;
		};
		855BB691239574E0003A28EA /* Release */ = {
			isa = XCBuildConfiguration;
			buildSettings = {
				ASSETCATALOG_COMPILER_APPICON_NAME = AppIcon;
				CODE_SIGN_IDENTITY = "Apple Development";
				CODE_SIGN_STYLE = Manual;
				DEVELOPMENT_TEAM = "";
				INFOPLIST_FILE = iOS_Final_Project/Info.plist;
				LD_RUNPATH_SEARCH_PATHS = (
					"$(inherited)",
					"@executable_path/Frameworks",
				);
				PRODUCT_BUNDLE_IDENTIFIER = "com.bogo.iOS-Final-Project";
				PRODUCT_NAME = "$(TARGET_NAME)";
				PROVISIONING_PROFILE_SPECIFIER = "";
				SWIFT_VERSION = 5.0;
				TARGETED_DEVICE_FAMILY = "1,2";
			};
			name = Release;
		};
/* End XCBuildConfiguration section */

/* Begin XCConfigurationList section */
		855BB676239574DF003A28EA /* Build configuration list for PBXProject "iOS_Final_Project" */ = {
			isa = XCConfigurationList;
			buildConfigurations = (
				855BB68D239574E0003A28EA /* Debug */,
				855BB68E239574E0003A28EA /* Release */,
			);
			defaultConfigurationIsVisible = 0;
			defaultConfigurationName = Release;
		};
		855BB68F239574E0003A28EA /* Build configuration list for PBXNativeTarget "iOS_Final_Project" */ = {
			isa = XCConfigurationList;
			buildConfigurations = (
				855BB690239574E0003A28EA /* Debug */,
				855BB691239574E0003A28EA /* Release */,
			);
			defaultConfigurationIsVisible = 0;
			defaultConfigurationName = Release;
		};
/* End XCConfigurationList section */
	};
	rootObject = 855BB673239574DF003A28EA /* Project object */;
}
